// !$*UTF8*$!
{
	archiveVersion = 1;
	classes = {
	};
	objectVersion = 46;
	objects = {

/* Begin PBXBuildFile section */
		53F9B48C53B1B607C1ED63A2 /* Pods_Question.framework in Frameworks */ = {isa = PBXBuildFile; fileRef = C2083396B015311B28D8E1C0 /* Pods_Question.framework */; };
		B10E84361D1E70E20047AA53 /* CommentCell.swift in Sources */ = {isa = PBXBuildFile; fileRef = B10E84351D1E70E20047AA53 /* CommentCell.swift */; };
		B142BCF11D55868C009E1E91 /* UserViewController.swift in Sources */ = {isa = PBXBuildFile; fileRef = B142BCF01D55868C009E1E91 /* UserViewController.swift */; };
		B142BCF31D56B4CD009E1E91 /* LoginViewController.swift in Sources */ = {isa = PBXBuildFile; fileRef = B142BCF21D56B4CD009E1E91 /* LoginViewController.swift */; };
		B144CE081D5C6F63000291C9 /* GoogleService-Info.plist in Resources */ = {isa = PBXBuildFile; fileRef = B144CE071D5C6F63000291C9 /* GoogleService-Info.plist */; };
		B16CFBCF1E61622F00E9097B /* RuleViewController.swift in Sources */ = {isa = PBXBuildFile; fileRef = B16CFBCE1E61622F00E9097B /* RuleViewController.swift */; };
		B16CFBD11E61625000E9097B /* PrivacyViewController.swift in Sources */ = {isa = PBXBuildFile; fileRef = B16CFBD01E61625000E9097B /* PrivacyViewController.swift */; };
		B16CFBD41E6164B600E9097B /* privacy.html in Resources */ = {isa = PBXBuildFile; fileRef = B16CFBD21E6164B600E9097B /* privacy.html */; };
		B16CFBD51E6164B600E9097B /* rule.html in Resources */ = {isa = PBXBuildFile; fileRef = B16CFBD31E6164B600E9097B /* rule.html */; };
		B1768F281C8AFB48004DC36B /* AppDelegate.swift in Sources */ = {isa = PBXBuildFile; fileRef = B1768F271C8AFB48004DC36B /* AppDelegate.swift */; };
		B1768F2A1C8AFB48004DC36B /* ViewController.swift in Sources */ = {isa = PBXBuildFile; fileRef = B1768F291C8AFB48004DC36B /* ViewController.swift */; };
		B1768F2F1C8AFB48004DC36B /* Assets.xcassets in Resources */ = {isa = PBXBuildFile; fileRef = B1768F2E1C8AFB48004DC36B /* Assets.xcassets */; };
		B1768F321C8AFB48004DC36B /* LaunchScreen.storyboard in Resources */ = {isa = PBXBuildFile; fileRef = B1768F301C8AFB48004DC36B /* LaunchScreen.storyboard */; };
		B1768F3D1C8AFB49004DC36B /* QuestionTests.swift in Sources */ = {isa = PBXBuildFile; fileRef = B1768F3C1C8AFB49004DC36B /* QuestionTests.swift */; };
		B1768F481C8AFB49004DC36B /* QuestionUITests.swift in Sources */ = {isa = PBXBuildFile; fileRef = B1768F471C8AFB49004DC36B /* QuestionUITests.swift */; };
		B186346B1DA8D4B000B2179F /* Main.storyboard in Resources */ = {isa = PBXBuildFile; fileRef = B18634691DA8D4B000B2179F /* Main.storyboard */; };
		B1864F521C9D3002004E8BA5 /* CustomCell.swift in Sources */ = {isa = PBXBuildFile; fileRef = B1864F511C9D3002004E8BA5 /* CustomCell.swift */; };
		B1864F541C9D487A004E8BA5 /* PostViewController.swift in Sources */ = {isa = PBXBuildFile; fileRef = B1864F531C9D487A004E8BA5 /* PostViewController.swift */; };
		B1EF02C81D0BFF7E00135AAD /* Question.swift in Sources */ = {isa = PBXBuildFile; fileRef = B1EF02C71D0BFF7E00135AAD /* Question.swift */; };
		B1EF02CC1D0C261D00135AAD /* CommentViewController.swift in Sources */ = {isa = PBXBuildFile; fileRef = B1EF02CB1D0C261D00135AAD /* CommentViewController.swift */; };
		B1F87CB81DCDC28800546179 /* ic_launcher.png in Resources */ = {isa = PBXBuildFile; fileRef = B1F87C7C1DCDC28800546179 /* ic_launcher.png */; };
		B1F87CB91DCDC28800546179 /* ic_launcher.png in Resources */ = {isa = PBXBuildFile; fileRef = B1F87C7E1DCDC28800546179 /* ic_launcher.png */; };
		B1F87CBA1DCDC28800546179 /* ic_launcher.png in Resources */ = {isa = PBXBuildFile; fileRef = B1F87C801DCDC28800546179 /* ic_launcher.png */; };
		B1F87CBB1DCDC28800546179 /* ic_launcher.png in Resources */ = {isa = PBXBuildFile; fileRef = B1F87C821DCDC28800546179 /* ic_launcher.png */; };
		B1F87CBC1DCDC28800546179 /* ic_launcher.png in Resources */ = {isa = PBXBuildFile; fileRef = B1F87C841DCDC28800546179 /* ic_launcher.png */; };
		B1F87CBD1DCDC28800546179 /* ic_launcher.png in Resources */ = {isa = PBXBuildFile; fileRef = B1F87C861DCDC28800546179 /* ic_launcher.png */; };
		B1F87CBE1DCDC28800546179 /* playstore-icon.png in Resources */ = {isa = PBXBuildFile; fileRef = B1F87C871DCDC28800546179 /* playstore-icon.png */; };
		B1F87CBF1DCDC28800546179 /* icon-messages-app-27x20@1x.png in Resources */ = {isa = PBXBuildFile; fileRef = B1F87C891DCDC28800546179 /* icon-messages-app-27x20@1x.png */; };
		B1F87CC01DCDC28800546179 /* icon-messages-app-27x20@2x.png in Resources */ = {isa = PBXBuildFile; fileRef = B1F87C8A1DCDC28800546179 /* icon-messages-app-27x20@2x.png */; };
		B1F87CC11DCDC28800546179 /* icon-messages-app-27x20@3x.png in Resources */ = {isa = PBXBuildFile; fileRef = B1F87C8B1DCDC28800546179 /* icon-messages-app-27x20@3x.png */; };
		B1F87CC21DCDC28800546179 /* icon-messages-app-iPadAir-67x50@2x.png in Resources */ = {isa = PBXBuildFile; fileRef = B1F87C8C1DCDC28800546179 /* icon-messages-app-iPadAir-67x50@2x.png */; };
		B1F87CC31DCDC28800546179 /* icon-messages-app-iPadAir-74x55@2x.png in Resources */ = {isa = PBXBuildFile; fileRef = B1F87C8D1DCDC28800546179 /* icon-messages-app-iPadAir-74x55@2x.png */; };
		B1F87CC41DCDC28800546179 /* icon-messages-app-iPhone-60x45@1x.png in Resources */ = {isa = PBXBuildFile; fileRef = B1F87C8E1DCDC28800546179 /* icon-messages-app-iPhone-60x45@1x.png */; };
		B1F87CC51DCDC28800546179 /* icon-messages-app-iPhone-60x45@2x.png in Resources */ = {isa = PBXBuildFile; fileRef = B1F87C8F1DCDC28800546179 /* icon-messages-app-iPhone-60x45@2x.png */; };
		B1F87CC61DCDC28800546179 /* icon-messages-app-iPhone-60x45@3x.png in Resources */ = {isa = PBXBuildFile; fileRef = B1F87C901DCDC28800546179 /* icon-messages-app-iPhone-60x45@3x.png */; };
		B1F87CC71DCDC28800546179 /* icon-messages-app-store-1024x768.png in Resources */ = {isa = PBXBuildFile; fileRef = B1F87C911DCDC28800546179 /* icon-messages-app-store-1024x768.png */; };
		B1F87CC81DCDC28800546179 /* icon-messages-transcript-32x24@1x.png in Resources */ = {isa = PBXBuildFile; fileRef = B1F87C921DCDC28800546179 /* icon-messages-transcript-32x24@1x.png */; };
		B1F87CC91DCDC28800546179 /* icon-messages-transcript-32x24@2x.png in Resources */ = {isa = PBXBuildFile; fileRef = B1F87C931DCDC28800546179 /* icon-messages-transcript-32x24@2x.png */; };
		B1F87CCA1DCDC28800546179 /* icon-messages-transcript-32x24@3x.png in Resources */ = {isa = PBXBuildFile; fileRef = B1F87C941DCDC28800546179 /* icon-messages-transcript-32x24@3x.png */; };
		B1F87CCB1DCDC28800546179 /* Contents.json in Resources */ = {isa = PBXBuildFile; fileRef = B1F87C971DCDC28800546179 /* Contents.json */; };
		B1F87CCC1DCDC28800546179 /* Icon-App-20x20@1x.png in Resources */ = {isa = PBXBuildFile; fileRef = B1F87C981DCDC28800546179 /* Icon-App-20x20@1x.png */; };
		B1F87CCD1DCDC28800546179 /* Icon-App-20x20@2x.png in Resources */ = {isa = PBXBuildFile; fileRef = B1F87C991DCDC28800546179 /* Icon-App-20x20@2x.png */; };
		B1F87CCE1DCDC28800546179 /* Icon-App-20x20@3x.png in Resources */ = {isa = PBXBuildFile; fileRef = B1F87C9A1DCDC28800546179 /* Icon-App-20x20@3x.png */; };
		B1F87CCF1DCDC28800546179 /* Icon-App-29x29@1x.png in Resources */ = {isa = PBXBuildFile; fileRef = B1F87C9B1DCDC28800546179 /* Icon-App-29x29@1x.png */; };
		B1F87CD01DCDC28800546179 /* Icon-App-29x29@2x.png in Resources */ = {isa = PBXBuildFile; fileRef = B1F87C9C1DCDC28800546179 /* Icon-App-29x29@2x.png */; };
		B1F87CD11DCDC28800546179 /* Icon-App-29x29@3x.png in Resources */ = {isa = PBXBuildFile; fileRef = B1F87C9D1DCDC28800546179 /* Icon-App-29x29@3x.png */; };
		B1F87CD21DCDC28800546179 /* Icon-App-40x40@1x.png in Resources */ = {isa = PBXBuildFile; fileRef = B1F87C9E1DCDC28800546179 /* Icon-App-40x40@1x.png */; };
		B1F87CD31DCDC28800546179 /* Icon-App-40x40@2x.png in Resources */ = {isa = PBXBuildFile; fileRef = B1F87C9F1DCDC28800546179 /* Icon-App-40x40@2x.png */; };
		B1F87CD41DCDC28800546179 /* Icon-App-40x40@3x.png in Resources */ = {isa = PBXBuildFile; fileRef = B1F87CA01DCDC28800546179 /* Icon-App-40x40@3x.png */; };
		B1F87CD51DCDC28800546179 /* Icon-App-57x57@1x.png in Resources */ = {isa = PBXBuildFile; fileRef = B1F87CA11DCDC28800546179 /* Icon-App-57x57@1x.png */; };
		B1F87CD61DCDC28800546179 /* Icon-App-60x60@1x.png in Resources */ = {isa = PBXBuildFile; fileRef = B1F87CA21DCDC28800546179 /* Icon-App-60x60@1x.png */; };
		B1F87CD71DCDC28800546179 /* Icon-App-60x60@2x.png in Resources */ = {isa = PBXBuildFile; fileRef = B1F87CA31DCDC28800546179 /* Icon-App-60x60@2x.png */; };
		B1F87CD81DCDC28800546179 /* Icon-App-60x60@3x.png in Resources */ = {isa = PBXBuildFile; fileRef = B1F87CA41DCDC28800546179 /* Icon-App-60x60@3x.png */; };
		B1F87CD91DCDC28800546179 /* Icon-App-76x76@1x.png in Resources */ = {isa = PBXBuildFile; fileRef = B1F87CA51DCDC28800546179 /* Icon-App-76x76@1x.png */; };
		B1F87CDA1DCDC28800546179 /* Icon-App-76x76@2x.png in Resources */ = {isa = PBXBuildFile; fileRef = B1F87CA61DCDC28800546179 /* Icon-App-76x76@2x.png */; };
		B1F87CDB1DCDC28800546179 /* Icon-App-76x76@3x.png in Resources */ = {isa = PBXBuildFile; fileRef = B1F87CA71DCDC28800546179 /* Icon-App-76x76@3x.png */; };
		B1F87CDC1DCDC28800546179 /* Icon-App-83.5x83.5@2x.png in Resources */ = {isa = PBXBuildFile; fileRef = B1F87CA81DCDC28800546179 /* Icon-App-83.5x83.5@2x.png */; };
		B1F87CDD1DCDC28800546179 /* iTunesArtwork@1x.png in Resources */ = {isa = PBXBuildFile; fileRef = B1F87CA91DCDC28800546179 /* iTunesArtwork@1x.png */; };
		B1F87CDE1DCDC28800546179 /* iTunesArtwork@2x.png in Resources */ = {isa = PBXBuildFile; fileRef = B1F87CAA1DCDC28800546179 /* iTunesArtwork@2x.png */; };
		B1F87CDF1DCDC28800546179 /* iTunesArtwork@3x.png in Resources */ = {isa = PBXBuildFile; fileRef = B1F87CAB1DCDC28800546179 /* iTunesArtwork@3x.png */; };
		B1F87CE01DCDC28800546179 /* README.md in Sources */ = {isa = PBXBuildFile; fileRef = B1F87CAC1DCDC28800546179 /* README.md */; };
		B1F87CE11DCDC28800546179 /* Contents.json in Resources */ = {isa = PBXBuildFile; fileRef = B1F87CAF1DCDC28800546179 /* Contents.json */; };
		B1F87CE21DCDC28800546179 /* Icon-24@2x.png in Resources */ = {isa = PBXBuildFile; fileRef = B1F87CB01DCDC28800546179 /* Icon-24@2x.png */; };
		B1F87CE31DCDC28800546179 /* Icon-27.5@2x.png in Resources */ = {isa = PBXBuildFile; fileRef = B1F87CB11DCDC28800546179 /* Icon-27.5@2x.png */; };
		B1F87CE41DCDC28800546179 /* Icon-29@2x.png in Resources */ = {isa = PBXBuildFile; fileRef = B1F87CB21DCDC28800546179 /* Icon-29@2x.png */; };
		B1F87CE51DCDC28800546179 /* Icon-29@3x.png in Resources */ = {isa = PBXBuildFile; fileRef = B1F87CB31DCDC28800546179 /* Icon-29@3x.png */; };
		B1F87CE61DCDC28800546179 /* Icon-40@2x.png in Resources */ = {isa = PBXBuildFile; fileRef = B1F87CB41DCDC28800546179 /* Icon-40@2x.png */; };
		B1F87CE71DCDC28800546179 /* Icon-44@2x.png in Resources */ = {isa = PBXBuildFile; fileRef = B1F87CB51DCDC28800546179 /* Icon-44@2x.png */; };
		B1F87CE81DCDC28800546179 /* Icon-86@2x.png in Resources */ = {isa = PBXBuildFile; fileRef = B1F87CB61DCDC28800546179 /* Icon-86@2x.png */; };
		B1F87CE91DCDC28800546179 /* Icon-98@2x.png in Resources */ = {isa = PBXBuildFile; fileRef = B1F87CB71DCDC28800546179 /* Icon-98@2x.png */; };
/* End PBXBuildFile section */

/* Begin PBXContainerItemProxy section */
		B1768F391C8AFB49004DC36B /* PBXContainerItemProxy */ = {
			isa = PBXContainerItemProxy;
			containerPortal = B1768F1C1C8AFB48004DC36B /* Project object */;
			proxyType = 1;
			remoteGlobalIDString = B1768F231C8AFB48004DC36B;
			remoteInfo = Question;
		};
		B1768F441C8AFB49004DC36B /* PBXContainerItemProxy */ = {
			isa = PBXContainerItemProxy;
			containerPortal = B1768F1C1C8AFB48004DC36B /* Project object */;
			proxyType = 1;
			remoteGlobalIDString = B1768F231C8AFB48004DC36B;
			remoteInfo = Question;
		};
/* End PBXContainerItemProxy section */

/* Begin PBXFileReference section */
		4B24ED774AEE730A12A56DAA /* Pods-Question.debug.xcconfig */ = {isa = PBXFileReference; includeInIndex = 1; lastKnownFileType = text.xcconfig; name = "Pods-Question.debug.xcconfig"; path = "Pods/Target Support Files/Pods-Question/Pods-Question.debug.xcconfig"; sourceTree = "<group>"; };
		AD09ADE69B26E3F7D4E93AA3 /* Pods-Question.release.xcconfig */ = {isa = PBXFileReference; includeInIndex = 1; lastKnownFileType = text.xcconfig; name = "Pods-Question.release.xcconfig"; path = "Pods/Target Support Files/Pods-Question/Pods-Question.release.xcconfig"; sourceTree = "<group>"; };
		B10E84351D1E70E20047AA53 /* CommentCell.swift */ = {isa = PBXFileReference; fileEncoding = 4; lastKnownFileType = sourcecode.swift; path = CommentCell.swift; sourceTree = "<group>"; };
		B142BCF01D55868C009E1E91 /* UserViewController.swift */ = {isa = PBXFileReference; fileEncoding = 4; lastKnownFileType = sourcecode.swift; path = UserViewController.swift; sourceTree = "<group>"; };
		B142BCF21D56B4CD009E1E91 /* LoginViewController.swift */ = {isa = PBXFileReference; fileEncoding = 4; lastKnownFileType = sourcecode.swift; path = LoginViewController.swift; sourceTree = "<group>"; };
		B144CE071D5C6F63000291C9 /* GoogleService-Info.plist */ = {isa = PBXFileReference; fileEncoding = 4; lastKnownFileType = text.plist.xml; path = "GoogleService-Info.plist"; sourceTree = "<group>"; };
		B16CFBCE1E61622F00E9097B /* RuleViewController.swift */ = {isa = PBXFileReference; fileEncoding = 4; lastKnownFileType = sourcecode.swift; path = RuleViewController.swift; sourceTree = "<group>"; };
		B16CFBD01E61625000E9097B /* PrivacyViewController.swift */ = {isa = PBXFileReference; fileEncoding = 4; lastKnownFileType = sourcecode.swift; path = PrivacyViewController.swift; sourceTree = "<group>"; };
		B16CFBD21E6164B600E9097B /* privacy.html */ = {isa = PBXFileReference; fileEncoding = 4; lastKnownFileType = text.html; path = privacy.html; sourceTree = "<group>"; };
		B16CFBD31E6164B600E9097B /* rule.html */ = {isa = PBXFileReference; fileEncoding = 4; lastKnownFileType = text.html; path = rule.html; sourceTree = "<group>"; };
		B1768F241C8AFB48004DC36B /* Question.app */ = {isa = PBXFileReference; explicitFileType = wrapper.application; includeInIndex = 0; path = Question.app; sourceTree = BUILT_PRODUCTS_DIR; };
		B1768F271C8AFB48004DC36B /* AppDelegate.swift */ = {isa = PBXFileReference; lastKnownFileType = sourcecode.swift; path = AppDelegate.swift; sourceTree = "<group>"; };
		B1768F291C8AFB48004DC36B /* ViewController.swift */ = {isa = PBXFileReference; lastKnownFileType = sourcecode.swift; path = ViewController.swift; sourceTree = "<group>"; };
		B1768F2E1C8AFB48004DC36B /* Assets.xcassets */ = {isa = PBXFileReference; lastKnownFileType = folder.assetcatalog; path = Assets.xcassets; sourceTree = "<group>"; };
		B1768F311C8AFB48004DC36B /* Base */ = {isa = PBXFileReference; lastKnownFileType = file.storyboard; name = Base; path = Base.lproj/LaunchScreen.storyboard; sourceTree = "<group>"; };
		B1768F331C8AFB48004DC36B /* Info.plist */ = {isa = PBXFileReference; lastKnownFileType = text.plist.xml; path = Info.plist; sourceTree = "<group>"; };
		B1768F381C8AFB49004DC36B /* QuestionTests.xctest */ = {isa = PBXFileReference; explicitFileType = wrapper.cfbundle; includeInIndex = 0; path = QuestionTests.xctest; sourceTree = BUILT_PRODUCTS_DIR; };
		B1768F3C1C8AFB49004DC36B /* QuestionTests.swift */ = {isa = PBXFileReference; lastKnownFileType = sourcecode.swift; path = QuestionTests.swift; sourceTree = "<group>"; };
		B1768F3E1C8AFB49004DC36B /* Info.plist */ = {isa = PBXFileReference; lastKnownFileType = text.plist.xml; path = Info.plist; sourceTree = "<group>"; };
		B1768F431C8AFB49004DC36B /* QuestionUITests.xctest */ = {isa = PBXFileReference; explicitFileType = wrapper.cfbundle; includeInIndex = 0; path = QuestionUITests.xctest; sourceTree = BUILT_PRODUCTS_DIR; };
		B1768F471C8AFB49004DC36B /* QuestionUITests.swift */ = {isa = PBXFileReference; lastKnownFileType = sourcecode.swift; path = QuestionUITests.swift; sourceTree = "<group>"; };
		B1768F491C8AFB49004DC36B /* Info.plist */ = {isa = PBXFileReference; lastKnownFileType = text.plist.xml; path = Info.plist; sourceTree = "<group>"; };
		B186346A1DA8D4B000B2179F /* Base */ = {isa = PBXFileReference; lastKnownFileType = file.storyboard; name = Base; path = Base.lproj/Main.storyboard; sourceTree = "<group>"; };
		B186346C1DA9021900B2179F /* Question.entitlements */ = {isa = PBXFileReference; lastKnownFileType = text.plist.entitlements; path = Question.entitlements; sourceTree = "<group>"; };
		B1864F511C9D3002004E8BA5 /* CustomCell.swift */ = {isa = PBXFileReference; fileEncoding = 4; lastKnownFileType = sourcecode.swift; path = CustomCell.swift; sourceTree = "<group>"; };
		B1864F531C9D487A004E8BA5 /* PostViewController.swift */ = {isa = PBXFileReference; fileEncoding = 4; lastKnownFileType = sourcecode.swift; path = PostViewController.swift; sourceTree = "<group>"; };
		B1EF02C71D0BFF7E00135AAD /* Question.swift */ = {isa = PBXFileReference; fileEncoding = 4; lastKnownFileType = sourcecode.swift; path = Question.swift; sourceTree = "<group>"; };
		B1EF02CB1D0C261D00135AAD /* CommentViewController.swift */ = {isa = PBXFileReference; fileEncoding = 4; lastKnownFileType = sourcecode.swift; path = CommentViewController.swift; sourceTree = "<group>"; };
		B1F87C7C1DCDC28800546179 /* ic_launcher.png */ = {isa = PBXFileReference; lastKnownFileType = image.png; path = ic_launcher.png; sourceTree = "<group>"; };
		B1F87C7E1DCDC28800546179 /* ic_launcher.png */ = {isa = PBXFileReference; lastKnownFileType = image.png; path = ic_launcher.png; sourceTree = "<group>"; };
		B1F87C801DCDC28800546179 /* ic_launcher.png */ = {isa = PBXFileReference; lastKnownFileType = image.png; path = ic_launcher.png; sourceTree = "<group>"; };
		B1F87C821DCDC28800546179 /* ic_launcher.png */ = {isa = PBXFileReference; lastKnownFileType = image.png; path = ic_launcher.png; sourceTree = "<group>"; };
		B1F87C841DCDC28800546179 /* ic_launcher.png */ = {isa = PBXFileReference; lastKnownFileType = image.png; path = ic_launcher.png; sourceTree = "<group>"; };
		B1F87C861DCDC28800546179 /* ic_launcher.png */ = {isa = PBXFileReference; lastKnownFileType = image.png; path = ic_launcher.png; sourceTree = "<group>"; };
		B1F87C871DCDC28800546179 /* playstore-icon.png */ = {isa = PBXFileReference; lastKnownFileType = image.png; path = "playstore-icon.png"; sourceTree = "<group>"; };
		B1F87C891DCDC28800546179 /* icon-messages-app-27x20@1x.png */ = {isa = PBXFileReference; lastKnownFileType = image.png; path = "icon-messages-app-27x20@1x.png"; sourceTree = "<group>"; };
		B1F87C8A1DCDC28800546179 /* icon-messages-app-27x20@2x.png */ = {isa = PBXFileReference; lastKnownFileType = image.png; path = "icon-messages-app-27x20@2x.png"; sourceTree = "<group>"; };
		B1F87C8B1DCDC28800546179 /* icon-messages-app-27x20@3x.png */ = {isa = PBXFileReference; lastKnownFileType = image.png; path = "icon-messages-app-27x20@3x.png"; sourceTree = "<group>"; };
		B1F87C8C1DCDC28800546179 /* icon-messages-app-iPadAir-67x50@2x.png */ = {isa = PBXFileReference; lastKnownFileType = image.png; path = "icon-messages-app-iPadAir-67x50@2x.png"; sourceTree = "<group>"; };
		B1F87C8D1DCDC28800546179 /* icon-messages-app-iPadAir-74x55@2x.png */ = {isa = PBXFileReference; lastKnownFileType = image.png; path = "icon-messages-app-iPadAir-74x55@2x.png"; sourceTree = "<group>"; };
		B1F87C8E1DCDC28800546179 /* icon-messages-app-iPhone-60x45@1x.png */ = {isa = PBXFileReference; lastKnownFileType = image.png; path = "icon-messages-app-iPhone-60x45@1x.png"; sourceTree = "<group>"; };
		B1F87C8F1DCDC28800546179 /* icon-messages-app-iPhone-60x45@2x.png */ = {isa = PBXFileReference; lastKnownFileType = image.png; path = "icon-messages-app-iPhone-60x45@2x.png"; sourceTree = "<group>"; };
		B1F87C901DCDC28800546179 /* icon-messages-app-iPhone-60x45@3x.png */ = {isa = PBXFileReference; lastKnownFileType = image.png; path = "icon-messages-app-iPhone-60x45@3x.png"; sourceTree = "<group>"; };
		B1F87C911DCDC28800546179 /* icon-messages-app-store-1024x768.png */ = {isa = PBXFileReference; lastKnownFileType = image.png; path = "icon-messages-app-store-1024x768.png"; sourceTree = "<group>"; };
		B1F87C921DCDC28800546179 /* icon-messages-transcript-32x24@1x.png */ = {isa = PBXFileReference; lastKnownFileType = image.png; path = "icon-messages-transcript-32x24@1x.png"; sourceTree = "<group>"; };
		B1F87C931DCDC28800546179 /* icon-messages-transcript-32x24@2x.png */ = {isa = PBXFileReference; lastKnownFileType = image.png; path = "icon-messages-transcript-32x24@2x.png"; sourceTree = "<group>"; };
		B1F87C941DCDC28800546179 /* icon-messages-transcript-32x24@3x.png */ = {isa = PBXFileReference; lastKnownFileType = image.png; path = "icon-messages-transcript-32x24@3x.png"; sourceTree = "<group>"; };
		B1F87C971DCDC28800546179 /* Contents.json */ = {isa = PBXFileReference; fileEncoding = 4; lastKnownFileType = text.json; path = Contents.json; sourceTree = "<group>"; };
		B1F87C981DCDC28800546179 /* Icon-App-20x20@1x.png */ = {isa = PBXFileReference; lastKnownFileType = image.png; path = "Icon-App-20x20@1x.png"; sourceTree = "<group>"; };
		B1F87C991DCDC28800546179 /* Icon-App-20x20@2x.png */ = {isa = PBXFileReference; lastKnownFileType = image.png; path = "Icon-App-20x20@2x.png"; sourceTree = "<group>"; };
		B1F87C9A1DCDC28800546179 /* Icon-App-20x20@3x.png */ = {isa = PBXFileReference; lastKnownFileType = image.png; path = "Icon-App-20x20@3x.png"; sourceTree = "<group>"; };
		B1F87C9B1DCDC28800546179 /* Icon-App-29x29@1x.png */ = {isa = PBXFileReference; lastKnownFileType = image.png; path = "Icon-App-29x29@1x.png"; sourceTree = "<group>"; };
		B1F87C9C1DCDC28800546179 /* Icon-App-29x29@2x.png */ = {isa = PBXFileReference; lastKnownFileType = image.png; path = "Icon-App-29x29@2x.png"; sourceTree = "<group>"; };
		B1F87C9D1DCDC28800546179 /* Icon-App-29x29@3x.png */ = {isa = PBXFileReference; lastKnownFileType = image.png; path = "Icon-App-29x29@3x.png"; sourceTree = "<group>"; };
		B1F87C9E1DCDC28800546179 /* Icon-App-40x40@1x.png */ = {isa = PBXFileReference; lastKnownFileType = image.png; path = "Icon-App-40x40@1x.png"; sourceTree = "<group>"; };
		B1F87C9F1DCDC28800546179 /* Icon-App-40x40@2x.png */ = {isa = PBXFileReference; lastKnownFileType = image.png; path = "Icon-App-40x40@2x.png"; sourceTree = "<group>"; };
		B1F87CA01DCDC28800546179 /* Icon-App-40x40@3x.png */ = {isa = PBXFileReference; lastKnownFileType = image.png; path = "Icon-App-40x40@3x.png"; sourceTree = "<group>"; };
		B1F87CA11DCDC28800546179 /* Icon-App-57x57@1x.png */ = {isa = PBXFileReference; lastKnownFileType = image.png; path = "Icon-App-57x57@1x.png"; sourceTree = "<group>"; };
		B1F87CA21DCDC28800546179 /* Icon-App-60x60@1x.png */ = {isa = PBXFileReference; lastKnownFileType = image.png; path = "Icon-App-60x60@1x.png"; sourceTree = "<group>"; };
		B1F87CA31DCDC28800546179 /* Icon-App-60x60@2x.png */ = {isa = PBXFileReference; lastKnownFileType = image.png; path = "Icon-App-60x60@2x.png"; sourceTree = "<group>"; };
		B1F87CA41DCDC28800546179 /* Icon-App-60x60@3x.png */ = {isa = PBXFileReference; lastKnownFileType = image.png; path = "Icon-App-60x60@3x.png"; sourceTree = "<group>"; };
		B1F87CA51DCDC28800546179 /* Icon-App-76x76@1x.png */ = {isa = PBXFileReference; lastKnownFileType = image.png; path = "Icon-App-76x76@1x.png"; sourceTree = "<group>"; };
		B1F87CA61DCDC28800546179 /* Icon-App-76x76@2x.png */ = {isa = PBXFileReference; lastKnownFileType = image.png; path = "Icon-App-76x76@2x.png"; sourceTree = "<group>"; };
		B1F87CA71DCDC28800546179 /* Icon-App-76x76@3x.png */ = {isa = PBXFileReference; lastKnownFileType = image.png; path = "Icon-App-76x76@3x.png"; sourceTree = "<group>"; };
		B1F87CA81DCDC28800546179 /* Icon-App-83.5x83.5@2x.png */ = {isa = PBXFileReference; lastKnownFileType = image.png; path = "Icon-App-83.5x83.5@2x.png"; sourceTree = "<group>"; };
		B1F87CA91DCDC28800546179 /* iTunesArtwork@1x.png */ = {isa = PBXFileReference; lastKnownFileType = image.png; path = "iTunesArtwork@1x.png"; sourceTree = "<group>"; };
		B1F87CAA1DCDC28800546179 /* iTunesArtwork@2x.png */ = {isa = PBXFileReference; lastKnownFileType = image.png; path = "iTunesArtwork@2x.png"; sourceTree = "<group>"; };
		B1F87CAB1DCDC28800546179 /* iTunesArtwork@3x.png */ = {isa = PBXFileReference; lastKnownFileType = image.png; path = "iTunesArtwork@3x.png"; sourceTree = "<group>"; };
		B1F87CAC1DCDC28800546179 /* README.md */ = {isa = PBXFileReference; fileEncoding = 4; lastKnownFileType = net.daringfireball.markdown; path = README.md; sourceTree = "<group>"; };
		B1F87CAF1DCDC28800546179 /* Contents.json */ = {isa = PBXFileReference; fileEncoding = 4; lastKnownFileType = text.json; path = Contents.json; sourceTree = "<group>"; };
		B1F87CB01DCDC28800546179 /* Icon-24@2x.png */ = {isa = PBXFileReference; lastKnownFileType = image.png; path = "Icon-24@2x.png"; sourceTree = "<group>"; };
		B1F87CB11DCDC28800546179 /* Icon-27.5@2x.png */ = {isa = PBXFileReference; lastKnownFileType = image.png; path = "Icon-27.5@2x.png"; sourceTree = "<group>"; };
		B1F87CB21DCDC28800546179 /* Icon-29@2x.png */ = {isa = PBXFileReference; lastKnownFileType = image.png; path = "Icon-29@2x.png"; sourceTree = "<group>"; };
		B1F87CB31DCDC28800546179 /* Icon-29@3x.png */ = {isa = PBXFileReference; lastKnownFileType = image.png; path = "Icon-29@3x.png"; sourceTree = "<group>"; };
		B1F87CB41DCDC28800546179 /* Icon-40@2x.png */ = {isa = PBXFileReference; lastKnownFileType = image.png; path = "Icon-40@2x.png"; sourceTree = "<group>"; };
		B1F87CB51DCDC28800546179 /* Icon-44@2x.png */ = {isa = PBXFileReference; lastKnownFileType = image.png; path = "Icon-44@2x.png"; sourceTree = "<group>"; };
		B1F87CB61DCDC28800546179 /* Icon-86@2x.png */ = {isa = PBXFileReference; lastKnownFileType = image.png; path = "Icon-86@2x.png"; sourceTree = "<group>"; };
		B1F87CB71DCDC28800546179 /* Icon-98@2x.png */ = {isa = PBXFileReference; lastKnownFileType = image.png; path = "Icon-98@2x.png"; sourceTree = "<group>"; };
		C2083396B015311B28D8E1C0 /* Pods_Question.framework */ = {isa = PBXFileReference; explicitFileType = wrapper.framework; includeInIndex = 0; path = Pods_Question.framework; sourceTree = BUILT_PRODUCTS_DIR; };
/* End PBXFileReference section */

/* Begin PBXFrameworksBuildPhase section */
		B1768F211C8AFB48004DC36B /* Frameworks */ = {
			isa = PBXFrameworksBuildPhase;
			buildActionMask = 2147483647;
			files = (
				53F9B48C53B1B607C1ED63A2 /* Pods_Question.framework in Frameworks */,
			);
			runOnlyForDeploymentPostprocessing = 0;
		};
		B1768F351C8AFB49004DC36B /* Frameworks */ = {
			isa = PBXFrameworksBuildPhase;
			buildActionMask = 2147483647;
			files = (
			);
			runOnlyForDeploymentPostprocessing = 0;
		};
		B1768F401C8AFB49004DC36B /* Frameworks */ = {
			isa = PBXFrameworksBuildPhase;
			buildActionMask = 2147483647;
			files = (
			);
			runOnlyForDeploymentPostprocessing = 0;
		};
/* End PBXFrameworksBuildPhase section */

/* Begin PBXGroup section */
		23061C0642076C66744DBBC2 /* Pods */ = {
			isa = PBXGroup;
			children = (
				4B24ED774AEE730A12A56DAA /* Pods-Question.debug.xcconfig */,
				AD09ADE69B26E3F7D4E93AA3 /* Pods-Question.release.xcconfig */,
			);
			name = Pods;
			sourceTree = "<group>";
		};
		B1768F1B1C8AFB48004DC36B = {
			isa = PBXGroup;
			children = (
				B1768F261C8AFB48004DC36B /* Question */,
				B1768F3B1C8AFB49004DC36B /* QuestionTests */,
				B1768F461C8AFB49004DC36B /* QuestionUITests */,
				B1768F251C8AFB48004DC36B /* Products */,
				23061C0642076C66744DBBC2 /* Pods */,
				C5133DCDD265639691A21856 /* Frameworks */,
			);
			sourceTree = "<group>";
		};
		B1768F251C8AFB48004DC36B /* Products */ = {
			isa = PBXGroup;
			children = (
				B1768F241C8AFB48004DC36B /* Question.app */,
				B1768F381C8AFB49004DC36B /* QuestionTests.xctest */,
				B1768F431C8AFB49004DC36B /* QuestionUITests.xctest */,
			);
			name = Products;
			sourceTree = "<group>";
		};
		B1768F261C8AFB48004DC36B /* Question */ = {
			isa = PBXGroup;
			children = (
				B16CFBD21E6164B600E9097B /* privacy.html */,
				B16CFBD31E6164B600E9097B /* rule.html */,
				B1F87C791DCDC28800546179 /* question icon */,
				B186346C1DA9021900B2179F /* Question.entitlements */,
				B1768F271C8AFB48004DC36B /* AppDelegate.swift */,
				B1768F291C8AFB48004DC36B /* ViewController.swift */,
				B142BCF01D55868C009E1E91 /* UserViewController.swift */,
				B142BCF21D56B4CD009E1E91 /* LoginViewController.swift */,
				B1EF02C71D0BFF7E00135AAD /* Question.swift */,
				B1864F511C9D3002004E8BA5 /* CustomCell.swift */,
				B1864F531C9D487A004E8BA5 /* PostViewController.swift */,
				B1EF02CB1D0C261D00135AAD /* CommentViewController.swift */,
				B10E84351D1E70E20047AA53 /* CommentCell.swift */,
				B16CFBCE1E61622F00E9097B /* RuleViewController.swift */,
				B16CFBD01E61625000E9097B /* PrivacyViewController.swift */,
				B1768F2E1C8AFB48004DC36B /* Assets.xcassets */,
				B18634691DA8D4B000B2179F /* Main.storyboard */,
				B1768F301C8AFB48004DC36B /* LaunchScreen.storyboard */,
				B1768F331C8AFB48004DC36B /* Info.plist */,
				B144CE071D5C6F63000291C9 /* GoogleService-Info.plist */,
			);
			path = Question;
			sourceTree = "<group>";
		};
		B1768F3B1C8AFB49004DC36B /* QuestionTests */ = {
			isa = PBXGroup;
			children = (
				B1768F3C1C8AFB49004DC36B /* QuestionTests.swift */,
				B1768F3E1C8AFB49004DC36B /* Info.plist */,
			);
			path = QuestionTests;
			sourceTree = "<group>";
		};
		B1768F461C8AFB49004DC36B /* QuestionUITests */ = {
			isa = PBXGroup;
			children = (
				B1768F471C8AFB49004DC36B /* QuestionUITests.swift */,
				B1768F491C8AFB49004DC36B /* Info.plist */,
			);
			path = QuestionUITests;
			sourceTree = "<group>";
		};
		B1F87C791DCDC28800546179 /* question icon */ = {
			isa = PBXGroup;
			children = (
				B1F87C7A1DCDC28800546179 /* android */,
				B1F87C881DCDC28800546179 /* imessenger */,
				B1F87C951DCDC28800546179 /* ios */,
				B1F87CAD1DCDC28800546179 /* watchkit */,
			);
			path = "question icon";
			sourceTree = "<group>";
		};
		B1F87C7A1DCDC28800546179 /* android */ = {
			isa = PBXGroup;
			children = (
				B1F87C7B1DCDC28800546179 /* mipmap-hdpi */,
				B1F87C7D1DCDC28800546179 /* mipmap-ldpi */,
				B1F87C7F1DCDC28800546179 /* mipmap-mdpi */,
				B1F87C811DCDC28800546179 /* mipmap-xhdpi */,
				B1F87C831DCDC28800546179 /* mipmap-xxhdpi */,
				B1F87C851DCDC28800546179 /* mipmap-xxxhdpi */,
				B1F87C871DCDC28800546179 /* playstore-icon.png */,
			);
			path = android;
			sourceTree = "<group>";
		};
		B1F87C7B1DCDC28800546179 /* mipmap-hdpi */ = {
			isa = PBXGroup;
			children = (
				B1F87C7C1DCDC28800546179 /* ic_launcher.png */,
			);
			path = "mipmap-hdpi";
			sourceTree = "<group>";
		};
		B1F87C7D1DCDC28800546179 /* mipmap-ldpi */ = {
			isa = PBXGroup;
			children = (
				B1F87C7E1DCDC28800546179 /* ic_launcher.png */,
			);
			path = "mipmap-ldpi";
			sourceTree = "<group>";
		};
		B1F87C7F1DCDC28800546179 /* mipmap-mdpi */ = {
			isa = PBXGroup;
			children = (
				B1F87C801DCDC28800546179 /* ic_launcher.png */,
			);
			path = "mipmap-mdpi";
			sourceTree = "<group>";
		};
		B1F87C811DCDC28800546179 /* mipmap-xhdpi */ = {
			isa = PBXGroup;
			children = (
				B1F87C821DCDC28800546179 /* ic_launcher.png */,
			);
			path = "mipmap-xhdpi";
			sourceTree = "<group>";
		};
		B1F87C831DCDC28800546179 /* mipmap-xxhdpi */ = {
			isa = PBXGroup;
			children = (
				B1F87C841DCDC28800546179 /* ic_launcher.png */,
			);
			path = "mipmap-xxhdpi";
			sourceTree = "<group>";
		};
		B1F87C851DCDC28800546179 /* mipmap-xxxhdpi */ = {
			isa = PBXGroup;
			children = (
				B1F87C861DCDC28800546179 /* ic_launcher.png */,
			);
			path = "mipmap-xxxhdpi";
			sourceTree = "<group>";
		};
		B1F87C881DCDC28800546179 /* imessenger */ = {
			isa = PBXGroup;
			children = (
				B1F87C891DCDC28800546179 /* icon-messages-app-27x20@1x.png */,
				B1F87C8A1DCDC28800546179 /* icon-messages-app-27x20@2x.png */,
				B1F87C8B1DCDC28800546179 /* icon-messages-app-27x20@3x.png */,
				B1F87C8C1DCDC28800546179 /* icon-messages-app-iPadAir-67x50@2x.png */,
				B1F87C8D1DCDC28800546179 /* icon-messages-app-iPadAir-74x55@2x.png */,
				B1F87C8E1DCDC28800546179 /* icon-messages-app-iPhone-60x45@1x.png */,
				B1F87C8F1DCDC28800546179 /* icon-messages-app-iPhone-60x45@2x.png */,
				B1F87C901DCDC28800546179 /* icon-messages-app-iPhone-60x45@3x.png */,
				B1F87C911DCDC28800546179 /* icon-messages-app-store-1024x768.png */,
				B1F87C921DCDC28800546179 /* icon-messages-transcript-32x24@1x.png */,
				B1F87C931DCDC28800546179 /* icon-messages-transcript-32x24@2x.png */,
				B1F87C941DCDC28800546179 /* icon-messages-transcript-32x24@3x.png */,
			);
			path = imessenger;
			sourceTree = "<group>";
		};
		B1F87C951DCDC28800546179 /* ios */ = {
			isa = PBXGroup;
			children = (
				B1F87C961DCDC28800546179 /* AppIcon.appiconset */,
				B1F87CA91DCDC28800546179 /* iTunesArtwork@1x.png */,
				B1F87CAA1DCDC28800546179 /* iTunesArtwork@2x.png */,
				B1F87CAB1DCDC28800546179 /* iTunesArtwork@3x.png */,
				B1F87CAC1DCDC28800546179 /* README.md */,
			);
			path = ios;
			sourceTree = "<group>";
		};
		B1F87C961DCDC28800546179 /* AppIcon.appiconset */ = {
			isa = PBXGroup;
			children = (
				B1F87C971DCDC28800546179 /* Contents.json */,
				B1F87C981DCDC28800546179 /* Icon-App-20x20@1x.png */,
				B1F87C991DCDC28800546179 /* Icon-App-20x20@2x.png */,
				B1F87C9A1DCDC28800546179 /* Icon-App-20x20@3x.png */,
				B1F87C9B1DCDC28800546179 /* Icon-App-29x29@1x.png */,
				B1F87C9C1DCDC28800546179 /* Icon-App-29x29@2x.png */,
				B1F87C9D1DCDC28800546179 /* Icon-App-29x29@3x.png */,
				B1F87C9E1DCDC28800546179 /* Icon-App-40x40@1x.png */,
				B1F87C9F1DCDC28800546179 /* Icon-App-40x40@2x.png */,
				B1F87CA01DCDC28800546179 /* Icon-App-40x40@3x.png */,
				B1F87CA11DCDC28800546179 /* Icon-App-57x57@1x.png */,
				B1F87CA21DCDC28800546179 /* Icon-App-60x60@1x.png */,
				B1F87CA31DCDC28800546179 /* Icon-App-60x60@2x.png */,
				B1F87CA41DCDC28800546179 /* Icon-App-60x60@3x.png */,
				B1F87CA51DCDC28800546179 /* Icon-App-76x76@1x.png */,
				B1F87CA61DCDC28800546179 /* Icon-App-76x76@2x.png */,
				B1F87CA81DCDC28800546179 /* Icon-App-83.5x83.5@2x.png */,
				B1F87CA71DCDC28800546179 /* Icon-App-76x76@3x.png */,
			);
			path = AppIcon.appiconset;
			sourceTree = "<group>";
		};
		B1F87CAD1DCDC28800546179 /* watchkit */ = {
			isa = PBXGroup;
			children = (
				B1F87CAE1DCDC28800546179 /* AppIcon.appiconset */,
			);
			path = watchkit;
			sourceTree = "<group>";
		};
		B1F87CAE1DCDC28800546179 /* AppIcon.appiconset */ = {
			isa = PBXGroup;
			children = (
				B1F87CAF1DCDC28800546179 /* Contents.json */,
				B1F87CB01DCDC28800546179 /* Icon-24@2x.png */,
				B1F87CB11DCDC28800546179 /* Icon-27.5@2x.png */,
				B1F87CB21DCDC28800546179 /* Icon-29@2x.png */,
				B1F87CB31DCDC28800546179 /* Icon-29@3x.png */,
				B1F87CB41DCDC28800546179 /* Icon-40@2x.png */,
				B1F87CB51DCDC28800546179 /* Icon-44@2x.png */,
				B1F87CB61DCDC28800546179 /* Icon-86@2x.png */,
				B1F87CB71DCDC28800546179 /* Icon-98@2x.png */,
			);
			path = AppIcon.appiconset;
			sourceTree = "<group>";
		};
		C5133DCDD265639691A21856 /* Frameworks */ = {
			isa = PBXGroup;
			children = (
				C2083396B015311B28D8E1C0 /* Pods_Question.framework */,
			);
			name = Frameworks;
			sourceTree = "<group>";
		};
/* End PBXGroup section */

/* Begin PBXNativeTarget section */
		B1768F231C8AFB48004DC36B /* Question */ = {
			isa = PBXNativeTarget;
			buildConfigurationList = B1768F4C1C8AFB49004DC36B /* Build configuration list for PBXNativeTarget "Question" */;
			buildPhases = (
				D63082A9432F2BCB2A1DD9DB /* 📦 Check Pods Manifest.lock */,
				B1768F201C8AFB48004DC36B /* Sources */,
				B1768F211C8AFB48004DC36B /* Frameworks */,
				B1768F221C8AFB48004DC36B /* Resources */,
				4910D8E6C58191F49C725976 /* 📦 Embed Pods Frameworks */,
				4C34AF7D23FC2E282779E75C /* 📦 Copy Pods Resources */,
			);
			buildRules = (
			);
			dependencies = (
			);
			name = Question;
			productName = Question;
			productReference = B1768F241C8AFB48004DC36B /* Question.app */;
			productType = "com.apple.product-type.application";
		};
		B1768F371C8AFB49004DC36B /* QuestionTests */ = {
			isa = PBXNativeTarget;
			buildConfigurationList = B1768F4F1C8AFB49004DC36B /* Build configuration list for PBXNativeTarget "QuestionTests" */;
			buildPhases = (
				B1768F341C8AFB49004DC36B /* Sources */,
				B1768F351C8AFB49004DC36B /* Frameworks */,
				B1768F361C8AFB49004DC36B /* Resources */,
			);
			buildRules = (
			);
			dependencies = (
				B1768F3A1C8AFB49004DC36B /* PBXTargetDependency */,
			);
			name = QuestionTests;
			productName = QuestionTests;
			productReference = B1768F381C8AFB49004DC36B /* QuestionTests.xctest */;
			productType = "com.apple.product-type.bundle.unit-test";
		};
		B1768F421C8AFB49004DC36B /* QuestionUITests */ = {
			isa = PBXNativeTarget;
			buildConfigurationList = B1768F521C8AFB49004DC36B /* Build configuration list for PBXNativeTarget "QuestionUITests" */;
			buildPhases = (
				B1768F3F1C8AFB49004DC36B /* Sources */,
				B1768F401C8AFB49004DC36B /* Frameworks */,
				B1768F411C8AFB49004DC36B /* Resources */,
			);
			buildRules = (
			);
			dependencies = (
				B1768F451C8AFB49004DC36B /* PBXTargetDependency */,
			);
			name = QuestionUITests;
			productName = QuestionUITests;
			productReference = B1768F431C8AFB49004DC36B /* QuestionUITests.xctest */;
			productType = "com.apple.product-type.bundle.ui-testing";
		};
/* End PBXNativeTarget section */

/* Begin PBXProject section */
		B1768F1C1C8AFB48004DC36B /* Project object */ = {
			isa = PBXProject;
			attributes = {
				LastSwiftUpdateCheck = 0720;
				LastUpgradeCheck = 0720;
				ORGANIZATIONNAME = "Shiho Takahashi";
				TargetAttributes = {
					B1768F231C8AFB48004DC36B = {
						CreatedOnToolsVersion = 7.2.1;
						DevelopmentTeam = TAU4T398QH;
						LastSwiftMigration = 0800;
						ProvisioningStyle = Manual;
						SystemCapabilities = {
							com.apple.Keychain = {
								enabled = 1;
							};
						};
					};
					B1768F371C8AFB49004DC36B = {
						CreatedOnToolsVersion = 7.2.1;
						DevelopmentTeam = KFBY48FRG9;
						LastSwiftMigration = 0800;
						TestTargetID = B1768F231C8AFB48004DC36B;
					};
					B1768F421C8AFB49004DC36B = {
						CreatedOnToolsVersion = 7.2.1;
						DevelopmentTeam = KFBY48FRG9;
						LastSwiftMigration = 0800;
						TestTargetID = B1768F231C8AFB48004DC36B;
					};
				};
			};
			buildConfigurationList = B1768F1F1C8AFB48004DC36B /* Build configuration list for PBXProject "Question" */;
			compatibilityVersion = "Xcode 3.2";
			developmentRegion = English;
			hasScannedForEncodings = 0;
			knownRegions = (
				en,
				Base,
			);
			mainGroup = B1768F1B1C8AFB48004DC36B;
			productRefGroup = B1768F251C8AFB48004DC36B /* Products */;
			projectDirPath = "";
			projectRoot = "";
			targets = (
				B1768F231C8AFB48004DC36B /* Question */,
				B1768F371C8AFB49004DC36B /* QuestionTests */,
				B1768F421C8AFB49004DC36B /* QuestionUITests */,
			);
		};
/* End PBXProject section */

/* Begin PBXResourcesBuildPhase section */
		B1768F221C8AFB48004DC36B /* Resources */ = {
			isa = PBXResourcesBuildPhase;
			buildActionMask = 2147483647;
			files = (
				B1F87CC31DCDC28800546179 /* icon-messages-app-iPadAir-74x55@2x.png in Resources */,
				B1768F321C8AFB48004DC36B /* LaunchScreen.storyboard in Resources */,
				B1F87CC51DCDC28800546179 /* icon-messages-app-iPhone-60x45@2x.png in Resources */,
				B1F87CD41DCDC28800546179 /* Icon-App-40x40@3x.png in Resources */,
				B1F87CBC1DCDC28800546179 /* ic_launcher.png in Resources */,
				B1F87CCD1DCDC28800546179 /* Icon-App-20x20@2x.png in Resources */,
				B1F87CD11DCDC28800546179 /* Icon-App-29x29@3x.png in Resources */,
				B1F87CC41DCDC28800546179 /* icon-messages-app-iPhone-60x45@1x.png in Resources */,
				B1F87CDE1DCDC28800546179 /* iTunesArtwork@2x.png in Resources */,
				B1F87CB91DCDC28800546179 /* ic_launcher.png in Resources */,
				B1F87CCF1DCDC28800546179 /* Icon-App-29x29@1x.png in Resources */,
				B1F87CE81DCDC28800546179 /* Icon-86@2x.png in Resources */,
				B1F87CDD1DCDC28800546179 /* iTunesArtwork@1x.png in Resources */,
				B1F87CC71DCDC28800546179 /* icon-messages-app-store-1024x768.png in Resources */,
				B1F87CDA1DCDC28800546179 /* Icon-App-76x76@2x.png in Resources */,
				B144CE081D5C6F63000291C9 /* GoogleService-Info.plist in Resources */,
				B1F87CE51DCDC28800546179 /* Icon-29@3x.png in Resources */,
				B1F87CD81DCDC28800546179 /* Icon-App-60x60@3x.png in Resources */,
				B1F87CDF1DCDC28800546179 /* iTunesArtwork@3x.png in Resources */,
				B1F87CCC1DCDC28800546179 /* Icon-App-20x20@1x.png in Resources */,
				B1F87CBE1DCDC28800546179 /* playstore-icon.png in Resources */,
				B1768F2F1C8AFB48004DC36B /* Assets.xcassets in Resources */,
				B1F87CE11DCDC28800546179 /* Contents.json in Resources */,
				B1F87CDB1DCDC28800546179 /* Icon-App-76x76@3x.png in Resources */,
				B1F87CE31DCDC28800546179 /* Icon-27.5@2x.png in Resources */,
				B1F87CC61DCDC28800546179 /* icon-messages-app-iPhone-60x45@3x.png in Resources */,
				B1F87CDC1DCDC28800546179 /* Icon-App-83.5x83.5@2x.png in Resources */,
				B1F87CD61DCDC28800546179 /* Icon-App-60x60@1x.png in Resources */,
				B1F87CE21DCDC28800546179 /* Icon-24@2x.png in Resources */,
				B1F87CCB1DCDC28800546179 /* Contents.json in Resources */,
				B1F87CE41DCDC28800546179 /* Icon-29@2x.png in Resources */,
				B1F87CD71DCDC28800546179 /* Icon-App-60x60@2x.png in Resources */,
				B1F87CC91DCDC28800546179 /* icon-messages-transcript-32x24@2x.png in Resources */,
				B1F87CC21DCDC28800546179 /* icon-messages-app-iPadAir-67x50@2x.png in Resources */,
				B16CFBD51E6164B600E9097B /* rule.html in Resources */,
				B186346B1DA8D4B000B2179F /* Main.storyboard in Resources */,
				B1F87CBA1DCDC28800546179 /* ic_launcher.png in Resources */,
				B1F87CE71DCDC28800546179 /* Icon-44@2x.png in Resources */,
				B16CFBD41E6164B600E9097B /* privacy.html in Resources */,
				B1F87CD01DCDC28800546179 /* Icon-App-29x29@2x.png in Resources */,
				B1F87CC11DCDC28800546179 /* icon-messages-app-27x20@3x.png in Resources */,
				B1F87CD31DCDC28800546179 /* Icon-App-40x40@2x.png in Resources */,
				B1F87CB81DCDC28800546179 /* ic_launcher.png in Resources */,
				B1F87CE91DCDC28800546179 /* Icon-98@2x.png in Resources */,
				B1F87CBB1DCDC28800546179 /* ic_launcher.png in Resources */,
				B1F87CCA1DCDC28800546179 /* icon-messages-transcript-32x24@3x.png in Resources */,
				B1F87CBF1DCDC28800546179 /* icon-messages-app-27x20@1x.png in Resources */,
				B1F87CD91DCDC28800546179 /* Icon-App-76x76@1x.png in Resources */,
				B1F87CCE1DCDC28800546179 /* Icon-App-20x20@3x.png in Resources */,
				B1F87CD51DCDC28800546179 /* Icon-App-57x57@1x.png in Resources */,
				B1F87CC81DCDC28800546179 /* icon-messages-transcript-32x24@1x.png in Resources */,
				B1F87CBD1DCDC28800546179 /* ic_launcher.png in Resources */,
				B1F87CC01DCDC28800546179 /* icon-messages-app-27x20@2x.png in Resources */,
				B1F87CD21DCDC28800546179 /* Icon-App-40x40@1x.png in Resources */,
				B1F87CE61DCDC28800546179 /* Icon-40@2x.png in Resources */,
			);
			runOnlyForDeploymentPostprocessing = 0;
		};
		B1768F361C8AFB49004DC36B /* Resources */ = {
			isa = PBXResourcesBuildPhase;
			buildActionMask = 2147483647;
			files = (
			);
			runOnlyForDeploymentPostprocessing = 0;
		};
		B1768F411C8AFB49004DC36B /* Resources */ = {
			isa = PBXResourcesBuildPhase;
			buildActionMask = 2147483647;
			files = (
			);
			runOnlyForDeploymentPostprocessing = 0;
		};
/* End PBXResourcesBuildPhase section */

/* Begin PBXShellScriptBuildPhase section */
		4910D8E6C58191F49C725976 /* 📦 Embed Pods Frameworks */ = {
			isa = PBXShellScriptBuildPhase;
			buildActionMask = 2147483647;
			files = (
			);
			inputPaths = (
			);
			name = "📦 Embed Pods Frameworks";
			outputPaths = (
			);
			runOnlyForDeploymentPostprocessing = 0;
			shellPath = /bin/sh;
			shellScript = "\"${SRCROOT}/Pods/Target Support Files/Pods-Question/Pods-Question-frameworks.sh\"\n";
			showEnvVarsInLog = 0;
		};
		4C34AF7D23FC2E282779E75C /* 📦 Copy Pods Resources */ = {
			isa = PBXShellScriptBuildPhase;
			buildActionMask = 2147483647;
			files = (
			);
			inputPaths = (
			);
			name = "📦 Copy Pods Resources";
			outputPaths = (
			);
			runOnlyForDeploymentPostprocessing = 0;
			shellPath = /bin/sh;
			shellScript = "\"${SRCROOT}/Pods/Target Support Files/Pods-Question/Pods-Question-resources.sh\"\n";
			showEnvVarsInLog = 0;
		};
		D63082A9432F2BCB2A1DD9DB /* 📦 Check Pods Manifest.lock */ = {
			isa = PBXShellScriptBuildPhase;
			buildActionMask = 2147483647;
			files = (
			);
			inputPaths = (
			);
			name = "📦 Check Pods Manifest.lock";
			outputPaths = (
			);
			runOnlyForDeploymentPostprocessing = 0;
			shellPath = /bin/sh;
			shellScript = "diff \"${PODS_ROOT}/../Podfile.lock\" \"${PODS_ROOT}/Manifest.lock\" > /dev/null\nif [[ $? != 0 ]] ; then\n    cat << EOM\nerror: The sandbox is not in sync with the Podfile.lock. Run 'pod install' or update your CocoaPods installation.\nEOM\n    exit 1\nfi\n";
			showEnvVarsInLog = 0;
		};
/* End PBXShellScriptBuildPhase section */

/* Begin PBXSourcesBuildPhase section */
		B1768F201C8AFB48004DC36B /* Sources */ = {
			isa = PBXSourcesBuildPhase;
			buildActionMask = 2147483647;
			files = (
				B142BCF31D56B4CD009E1E91 /* LoginViewController.swift in Sources */,
				B1EF02C81D0BFF7E00135AAD /* Question.swift in Sources */,
				B1F87CE01DCDC28800546179 /* README.md in Sources */,
				B16CFBCF1E61622F00E9097B /* RuleViewController.swift in Sources */,
				B1EF02CC1D0C261D00135AAD /* CommentViewController.swift in Sources */,
				B1864F541C9D487A004E8BA5 /* PostViewController.swift in Sources */,
				B1864F521C9D3002004E8BA5 /* CustomCell.swift in Sources */,
				B142BCF11D55868C009E1E91 /* UserViewController.swift in Sources */,
				B1768F2A1C8AFB48004DC36B /* ViewController.swift in Sources */,
				B1768F281C8AFB48004DC36B /* AppDelegate.swift in Sources */,
				B10E84361D1E70E20047AA53 /* CommentCell.swift in Sources */,
				B16CFBD11E61625000E9097B /* PrivacyViewController.swift in Sources */,
			);
			runOnlyForDeploymentPostprocessing = 0;
		};
		B1768F341C8AFB49004DC36B /* Sources */ = {
			isa = PBXSourcesBuildPhase;
			buildActionMask = 2147483647;
			files = (
				B1768F3D1C8AFB49004DC36B /* QuestionTests.swift in Sources */,
			);
			runOnlyForDeploymentPostprocessing = 0;
		};
		B1768F3F1C8AFB49004DC36B /* Sources */ = {
			isa = PBXSourcesBuildPhase;
			buildActionMask = 2147483647;
			files = (
				B1768F481C8AFB49004DC36B /* QuestionUITests.swift in Sources */,
			);
			runOnlyForDeploymentPostprocessing = 0;
		};
/* End PBXSourcesBuildPhase section */

/* Begin PBXTargetDependency section */
		B1768F3A1C8AFB49004DC36B /* PBXTargetDependency */ = {
			isa = PBXTargetDependency;
			target = B1768F231C8AFB48004DC36B /* Question */;
			targetProxy = B1768F391C8AFB49004DC36B /* PBXContainerItemProxy */;
		};
		B1768F451C8AFB49004DC36B /* PBXTargetDependency */ = {
			isa = PBXTargetDependency;
			target = B1768F231C8AFB48004DC36B /* Question */;
			targetProxy = B1768F441C8AFB49004DC36B /* PBXContainerItemProxy */;
		};
/* End PBXTargetDependency section */

/* Begin PBXVariantGroup section */
		B1768F301C8AFB48004DC36B /* LaunchScreen.storyboard */ = {
			isa = PBXVariantGroup;
			children = (
				B1768F311C8AFB48004DC36B /* Base */,
			);
			name = LaunchScreen.storyboard;
			sourceTree = "<group>";
		};
		B18634691DA8D4B000B2179F /* Main.storyboard */ = {
			isa = PBXVariantGroup;
			children = (
				B186346A1DA8D4B000B2179F /* Base */,
			);
			name = Main.storyboard;
			sourceTree = "<group>";
		};
/* End PBXVariantGroup section */

/* Begin XCBuildConfiguration section */
		B1768F4A1C8AFB49004DC36B /* Debug */ = {
			isa = XCBuildConfiguration;
			buildSettings = {
				ALWAYS_SEARCH_USER_PATHS = NO;
				CLANG_CXX_LANGUAGE_STANDARD = "gnu++0x";
				CLANG_CXX_LIBRARY = "libc++";
				CLANG_ENABLE_MODULES = YES;
				CLANG_ENABLE_OBJC_ARC = YES;
				CLANG_WARN_BOOL_CONVERSION = YES;
				CLANG_WARN_CONSTANT_CONVERSION = YES;
				CLANG_WARN_DIRECT_OBJC_ISA_USAGE = YES_ERROR;
				CLANG_WARN_EMPTY_BODY = YES;
				CLANG_WARN_ENUM_CONVERSION = YES;
				CLANG_WARN_INT_CONVERSION = YES;
				CLANG_WARN_OBJC_ROOT_CLASS = YES_ERROR;
				CLANG_WARN_UNREACHABLE_CODE = YES;
				CLANG_WARN__DUPLICATE_METHOD_MATCH = YES;
				CODE_SIGN_IDENTITY = "iPhone Developer";
				"CODE_SIGN_IDENTITY[sdk=iphoneos*]" = "iPhone Developer";
				COPY_PHASE_STRIP = NO;
				DEBUG_INFORMATION_FORMAT = dwarf;
				ENABLE_STRICT_OBJC_MSGSEND = YES;
				ENABLE_TESTABILITY = YES;
				GCC_C_LANGUAGE_STANDARD = gnu99;
				GCC_DYNAMIC_NO_PIC = NO;
				GCC_NO_COMMON_BLOCKS = YES;
				GCC_OPTIMIZATION_LEVEL = 0;
				GCC_PREPROCESSOR_DEFINITIONS = (
					"DEBUG=1",
					"$(inherited)",
				);
				GCC_WARN_64_TO_32_BIT_CONVERSION = YES;
				GCC_WARN_ABOUT_RETURN_TYPE = YES_ERROR;
				GCC_WARN_UNDECLARED_SELECTOR = YES;
				GCC_WARN_UNINITIALIZED_AUTOS = YES_AGGRESSIVE;
				GCC_WARN_UNUSED_FUNCTION = YES;
				GCC_WARN_UNUSED_VARIABLE = YES;
				IPHONEOS_DEPLOYMENT_TARGET = 9.2;
				MTL_ENABLE_DEBUG_INFO = YES;
				ONLY_ACTIVE_ARCH = YES;
				PROVISIONING_PROFILE = "-";
				SDKROOT = iphoneos;
				SWIFT_OPTIMIZATION_LEVEL = "-Onone";
				SWIFT_VERSION = 2.3;
			};
			name = Debug;
		};
		B1768F4B1C8AFB49004DC36B /* Release */ = {
			isa = XCBuildConfiguration;
			buildSettings = {
				ALWAYS_SEARCH_USER_PATHS = NO;
				CLANG_CXX_LANGUAGE_STANDARD = "gnu++0x";
				CLANG_CXX_LIBRARY = "libc++";
				CLANG_ENABLE_MODULES = YES;
				CLANG_ENABLE_OBJC_ARC = YES;
				CLANG_WARN_BOOL_CONVERSION = YES;
				CLANG_WARN_CONSTANT_CONVERSION = YES;
				CLANG_WARN_DIRECT_OBJC_ISA_USAGE = YES_ERROR;
				CLANG_WARN_EMPTY_BODY = YES;
				CLANG_WARN_ENUM_CONVERSION = YES;
				CLANG_WARN_INT_CONVERSION = YES;
				CLANG_WARN_OBJC_ROOT_CLASS = YES_ERROR;
				CLANG_WARN_UNREACHABLE_CODE = YES;
				CLANG_WARN__DUPLICATE_METHOD_MATCH = YES;
				CODE_SIGN_IDENTITY = "iPhone Distribution";
				"CODE_SIGN_IDENTITY[sdk=iphoneos*]" = "iPhone Distribution";
				COPY_PHASE_STRIP = NO;
				DEBUG_INFORMATION_FORMAT = "dwarf-with-dsym";
				ENABLE_NS_ASSERTIONS = NO;
				ENABLE_STRICT_OBJC_MSGSEND = YES;
				GCC_C_LANGUAGE_STANDARD = gnu99;
				GCC_NO_COMMON_BLOCKS = YES;
				GCC_WARN_64_TO_32_BIT_CONVERSION = YES;
				GCC_WARN_ABOUT_RETURN_TYPE = YES_ERROR;
				GCC_WARN_UNDECLARED_SELECTOR = YES;
				GCC_WARN_UNINITIALIZED_AUTOS = YES_AGGRESSIVE;
				GCC_WARN_UNUSED_FUNCTION = YES;
				GCC_WARN_UNUSED_VARIABLE = YES;
				IPHONEOS_DEPLOYMENT_TARGET = 9.2;
				MTL_ENABLE_DEBUG_INFO = NO;
				PROVISIONING_PROFILE = "-";
				SDKROOT = iphoneos;
				SWIFT_VERSION = 2.3;
				VALIDATE_PRODUCT = YES;
			};
			name = Release;
		};
		B1768F4D1C8AFB49004DC36B /* Debug */ = {
			isa = XCBuildConfiguration;
			baseConfigurationReference = 4B24ED774AEE730A12A56DAA /* Pods-Question.debug.xcconfig */;
			buildSettings = {
				ASSETCATALOG_COMPILER_APPICON_NAME = AppIcon;
				ASSETCATALOG_COMPILER_LAUNCHIMAGE_NAME = LaunchImage;
				CODE_SIGN_ENTITLEMENTS = Question/Question.entitlements;
				CODE_SIGN_IDENTITY = "iPhone Developer";
				"CODE_SIGN_IDENTITY[sdk=iphoneos*]" = "iPhone Distribution";
				DEVELOPMENT_TEAM = TAU4T398QH;
				INFOPLIST_FILE = Question/Info.plist;
				LD_RUNPATH_SEARCH_PATHS = "$(inherited) @executable_path/Frameworks";
				PRODUCT_BUNDLE_IDENTIFIER = com.ShihoTakahashi.QuestionPark;
				PRODUCT_NAME = "$(TARGET_NAME)";
				PROVISIONING_PROFILE = "47f52bbf-cbbb-4285-8b16-1514279bad93";
				PROVISIONING_PROFILE_SPECIFIER = QuestionPark;
				SWIFT_VERSION = 2.3;
			};
			name = Debug;
		};
		B1768F4E1C8AFB49004DC36B /* Release */ = {
			isa = XCBuildConfiguration;
			baseConfigurationReference = AD09ADE69B26E3F7D4E93AA3 /* Pods-Question.release.xcconfig */;
			buildSettings = {
				ASSETCATALOG_COMPILER_APPICON_NAME = AppIcon;
				ASSETCATALOG_COMPILER_LAUNCHIMAGE_NAME = LaunchImage;
				CODE_SIGN_ENTITLEMENTS = Question/Question.entitlements;
				CODE_SIGN_IDENTITY = "iPhone Distribution";
				DEVELOPMENT_TEAM = TAU4T398QH;
				INFOPLIST_FILE = Question/Info.plist;
				LD_RUNPATH_SEARCH_PATHS = "$(inherited) @executable_path/Frameworks";
				PRODUCT_BUNDLE_IDENTIFIER = com.ShihoTakahashi.QuestionPark;
				PRODUCT_NAME = "$(TARGET_NAME)";
				PROVISIONING_PROFILE = "47f52bbf-cbbb-4285-8b16-1514279bad93";
				PROVISIONING_PROFILE_SPECIFIER = QuestionPark;
				SWIFT_VERSION = 2.3;
			};
			name = Release;
		};
		B1768F501C8AFB49004DC36B /* Debug */ = {
			isa = XCBuildConfiguration;
			buildSettings = {
				BUNDLE_LOADER = "$(TEST_HOST)";
				INFOPLIST_FILE = QuestionTests/Info.plist;
				LD_RUNPATH_SEARCH_PATHS = "$(inherited) @executable_path/Frameworks @loader_path/Frameworks";
				PRODUCT_BUNDLE_IDENTIFIER = Shiho.QuestionTests;
				PRODUCT_NAME = "$(TARGET_NAME)";
				SWIFT_VERSION = 2.3;
				TEST_HOST = "$(BUILT_PRODUCTS_DIR)/Question.app/Question";
			};
			name = Debug;
		};
		B1768F511C8AFB49004DC36B /* Release */ = {
			isa = XCBuildConfiguration;
			buildSettings = {
				BUNDLE_LOADER = "$(TEST_HOST)";
				INFOPLIST_FILE = QuestionTests/Info.plist;
				LD_RUNPATH_SEARCH_PATHS = "$(inherited) @executable_path/Frameworks @loader_path/Frameworks";
				PRODUCT_BUNDLE_IDENTIFIER = Shiho.QuestionTests;
				PRODUCT_NAME = "$(TARGET_NAME)";
				SWIFT_VERSION = 2.3;
				TEST_HOST = "$(BUILT_PRODUCTS_DIR)/Question.app/Question";
			};
			name = Release;
		};
		B1768F531C8AFB49004DC36B /* Debug */ = {
			isa = XCBuildConfiguration;
			buildSettings = {
				INFOPLIST_FILE = QuestionUITests/Info.plist;
				LD_RUNPATH_SEARCH_PATHS = "$(inherited) @executable_path/Frameworks @loader_path/Frameworks";
				PRODUCT_BUNDLE_IDENTIFIER = Shiho.QuestionUITests;
				PRODUCT_NAME = "$(TARGET_NAME)";
				SWIFT_VERSION = 2.3;
				TEST_TARGET_NAME = Question;
				USES_XCTRUNNER = YES;
			};
			name = Debug;
		};
		B1768F541C8AFB49004DC36B /* Release */ = {
			isa = XCBuildConfiguration;
			buildSettings = {
				INFOPLIST_FILE = QuestionUITests/Info.plist;
				LD_RUNPATH_SEARCH_PATHS = "$(inherited) @executable_path/Frameworks @loader_path/Frameworks";
				PRODUCT_BUNDLE_IDENTIFIER = Shiho.QuestionUITests;
				PRODUCT_NAME = "$(TARGET_NAME)";
				SWIFT_VERSION = 2.3;
				TEST_TARGET_NAME = Question;
				USES_XCTRUNNER = YES;
			};
			name = Release;
		};
/* End XCBuildConfiguration section */

/* Begin XCConfigurationList section */
		B1768F1F1C8AFB48004DC36B /* Build configuration list for PBXProject "Question" */ = {
			isa = XCConfigurationList;
			buildConfigurations = (
				B1768F4A1C8AFB49004DC36B /* Debug */,
				B1768F4B1C8AFB49004DC36B /* Release */,
			);
			defaultConfigurationIsVisible = 0;
			defaultConfigurationName = Release;
		};
		B1768F4C1C8AFB49004DC36B /* Build configuration list for PBXNativeTarget "Question" */ = {
			isa = XCConfigurationList;
			buildConfigurations = (
				B1768F4D1C8AFB49004DC36B /* Debug */,
				B1768F4E1C8AFB49004DC36B /* Release */,
			);
			defaultConfigurationIsVisible = 0;
			defaultConfigurationName = Release;
		};
		B1768F4F1C8AFB49004DC36B /* Build configuration list for PBXNativeTarget "QuestionTests" */ = {
			isa = XCConfigurationList;
			buildConfigurations = (
				B1768F501C8AFB49004DC36B /* Debug */,
				B1768F511C8AFB49004DC36B /* Release */,
			);
			defaultConfigurationIsVisible = 0;
			defaultConfigurationName = Release;
		};
		B1768F521C8AFB49004DC36B /* Build configuration list for PBXNativeTarget "QuestionUITests" */ = {
			isa = XCConfigurationList;
			buildConfigurations = (
				B1768F531C8AFB49004DC36B /* Debug */,
				B1768F541C8AFB49004DC36B /* Release */,
			);
			defaultConfigurationIsVisible = 0;
			defaultConfigurationName = Release;
		};
/* End XCConfigurationList section */
	};
	rootObject = B1768F1C1C8AFB48004DC36B /* Project object */;
}
